
Microsoft Visual Studio Solution File, Format Version 12.00
# Visual Studio 15
VisualStudioVersion = 15.0.27130.2020
MinimumVisualStudioVersion = 10.0.40219.1
Project("{FAE04EC0-301F-11D3-BF4B-00C04F79EFBC}") = "CIS420TeamA", "CIS420TeamA\CIS420TeamA.csproj", "{0384204D-4B37-44E5-BF0B-FFAFC5D57969}"
EndProject
Global
	GlobalSection(SolutionConfigurationPlatforms) = preSolution
		Debug|Any CPU = Debug|Any CPU
		Release|Any CPU = Release|Any CPU
	EndGlobalSection
	GlobalSection(ProjectConfigurationPlatforms) = postSolution
		{0384204D-4B37-44E5-BF0B-FFAFC5D57969}.Debug|Any CPU.ActiveCfg = Debug|Any CPU
		{0384204D-4B37-44E5-BF0B-FFAFC5D57969}.Debug|Any CPU.Build.0 = Debug|Any CPU
		{0384204D-4B37-44E5-BF0B-FFAFC5D57969}.Release|Any CPU.ActiveCfg = Release|Any CPU
		{0384204D-4B37-44E5-BF0B-FFAFC5D57969}.Release|Any CPU.Build.0 = Release|Any CPU
	EndGlobalSection
	GlobalSection(SolutionProperties) = preSolution
		HideSolutionNode = FALSE
	EndGlobalSection
	GlobalSection(ExtensibilityGlobals) = postSolution
		SolutionGuid = {FE338B67-558D-4AFF-ABE8-076D494224F1}
	EndGlobalSection
EndGlobal
